
Microsoft Visual Studio Solution File, Format Version 12.00
# Visual Studio Version 16
VisualStudioVersion = 16.0.29324.140
MinimumVisualStudioVersion = 10.0.40219.1
Project("{FAE04EC0-301F-11D3-BF4B-00C04F79EFBC}") = "ProjetoAgoraVai", "ProjetoAgoraVai\ProjetoAgoraVai.csproj", "{8303D004-0E05-4DD2-8D03-464780FAD060}"
EndProject
Global
	GlobalSection(SolutionConfigurationPlatforms) = preSolution
		Debug|Any CPU = Debug|Any CPU
		Release|Any CPU = Release|Any CPU
	EndGlobalSection
	GlobalSection(ProjectConfigurationPlatforms) = postSolution
		{8303D004-0E05-4DD2-8D03-464780FAD060}.Debug|Any CPU.ActiveCfg = Debug|Any CPU
		{8303D004-0E05-4DD2-8D03-464780FAD060}.Debug|Any CPU.Build.0 = Debug|Any CPU
		{8303D004-0E05-4DD2-8D03-464780FAD060}.Release|Any CPU.ActiveCfg = Release|Any CPU
		{8303D004-0E05-4DD2-8D03-464780FAD060}.Release|Any CPU.Build.0 = Release|Any CPU
	EndGlobalSection
	GlobalSection(SolutionProperties) = preSolution
		HideSolutionNode = FALSE
	EndGlobalSection
	GlobalSection(ExtensibilityGlobals) = postSolution
		SolutionGuid = {0843D47A-96C2-41EB-AFB4-AA5E31F94057}
	EndGlobalSection
EndGlobal
